<?xml version="1.0" encoding="utf-8"?>
<Project ToolsVersion="4.0" xmlns="http://schemas.microsoft.com/developer/msbuild/2003">
  <ItemGroup>
    <Filter Include="Source Files">
      <UniqueIdentifier>{4FC737F1-C7A5-4376-A066-2A32D752A2FF}</UniqueIdentifier>
      <Extensions>cpp;c;cc;cxx;def;odl;idl;hpj;bat;asm;asmx</Extensions>
    </Filter>
    <Filter Include="Header Files">
      <UniqueIdentifier>{93995380-89BD-4b04-88EB-625FBE52EBFB}</UniqueIdentifier>
      <Extensions>h;hh;hpp;hxx;hm;inl;inc;xsd</Extensions>
    </Filter>
    <Filter Include="Resource Files">
      <UniqueIdentifier>{67DA6AB6-F800-4c08-8B7A-83BB121AAD01}</UniqueIdentifier>
      <Extensions>rc;ico;cur;bmp;dlg;rc2;rct;bin;rgs;gif;jpg;jpeg;jpe;resx;tiff;tif;png;wav;mfcribbon-ms</Extensions>
    </Filter>
    <Filter Include="Resource Files\assets">
      <UniqueIdentifier>{3c6fe461-11f6-4863-b721-447bd9667eb0}</UniqueIdentifier>
    </Filter>
    <Filter Include="Resource Files\assets\images">
      <UniqueIdentifier>{140b9604-87f6-4da6-accb-461d61bee22e}</UniqueIdentifier>
    </Filter>
    <Filter Include="Resource Files\assets\fonts">
      <UniqueIdentifier>{4e9fa2c9-6869-47aa-b9da-d4b5de30c338}</UniqueIdentifier>
    </Filter>
    <Filter Include="Source Files\Enums">
      <UniqueIdentifier>{d2c021e6-0e7b-4941-a887-f244005becb7}</UniqueIdentifier>
    </Filter>
    <Filter Include="Source Files\Models">
      <UniqueIdentifier>{4e93b398-f3c0-4114-8731-b6e5eec24bd2}</UniqueIdentifier>
    </Filter>
    <Filter Include="Header Files\Controllers">
      <UniqueIdentifier>{35f36561-6c4e-44ca-80a4-5af7600aeacf}</UniqueIdentifier>
    </Filter>
    <Filter Include="Header Files\Models\GameObjects">
      <UniqueIdentifier>{d0caa9a8-588a-4543-bc32-39413ff016fe}</UniqueIdentifier>
    </Filter>
    <Filter Include="Header Files\Views">
      <UniqueIdentifier>{a8861851-8b74-4903-81bd-51b9e6f5e127}</UniqueIdentifier>
    </Filter>
    <Filter Include="Header Files\Models\GameObjects\Behaviours">
      <UniqueIdentifier>{a99019ca-6687-479c-a4db-05c67c0419df}</UniqueIdentifier>
    </Filter>
    <Filter Include="Header Files\Models\GameObjects\Characters">
      <UniqueIdentifier>{01baa3b6-269e-43be-a62f-0b550f0ecb3f}</UniqueIdentifier>
    </Filter>
    <Filter Include="Header Files\Models\GameObjects\Items">
      <UniqueIdentifier>{28be931a-2095-49dd-ba75-033069a7857e}</UniqueIdentifier>
    </Filter>
    <Filter Include="Header Files\Factories">
      <UniqueIdentifier>{c949c2c9-1cd7-4edc-a04c-d0acee42cea0}</UniqueIdentifier>
    </Filter>
    <Filter Include="Source Files\Containers">
      <UniqueIdentifier>{d86e981f-912b-4e74-ac11-58ea07903e0e}</UniqueIdentifier>
    </Filter>
    <Filter Include="Header Files\Views\UIComponents">
      <UniqueIdentifier>{6f06ba62-8a67-4d00-84fe-3a769a059cfd}</UniqueIdentifier>
    </Filter>
    <Filter Include="Source Files\Models\GameObjects\Behaviours\Draw">
      <UniqueIdentifier>{43094c84-6ea4-44bc-ab6e-03a16227c9ef}</UniqueIdentifier>
    </Filter>
    <Filter Include="Source Files\Models\GameObjects\Behaviours\Move">
      <UniqueIdentifier>{93ee2e2b-18ac-4623-ba96-ec2aada79bdf}</UniqueIdentifier>
    </Filter>
    <Filter Include="Source Files\Models\GameObjects\Behaviours\Input">
      <UniqueIdentifier>{fa15406f-7a39-4c90-b089-6fead5811fd2}</UniqueIdentifier>
    </Filter>
    <Filter Include="Source Files\Models\GameObjects\Behaviours\Collide">
      <UniqueIdentifier>{4cf84a25-8a6f-43e3-8bb4-2f52274b87d8}</UniqueIdentifier>
    </Filter>
    <Filter Include="Source Files\Models\GameObjects\Behaviours\Force">
      <UniqueIdentifier>{261d85e7-74ec-4972-b64d-7f777bb348b9}</UniqueIdentifier>
    </Filter>
    <Filter Include="Source Files\Models\GameObjects\Behaviours\Update">
      <UniqueIdentifier>{bd109aea-016e-475a-bfbc-03cd5da58ac8}</UniqueIdentifier>
    </Filter>
    <Filter Include="Source Files\Models\GameObjects\Behaviours\Animate">
      <UniqueIdentifier>{b6e253ba-a823-48fb-9ba4-388aa1c64080}</UniqueIdentifier>
    </Filter>
    <Filter Include="Header Files\Models\GameObjects\Characters\NPC">
      <UniqueIdentifier>{3a7c2712-c599-4c74-9f6e-3732a17e36a9}</UniqueIdentifier>
    </Filter>
    <Filter Include="Header Files\Models\GameObjects\Characters\PC">
      <UniqueIdentifier>{180cddb0-2a89-49b2-a892-968a1ca9e04f}</UniqueIdentifier>
    </Filter>
    <Filter Include="Source Files\TestScreen">
      <UniqueIdentifier>{9d475ee9-77da-4f4d-953b-7e56f13c29fe}</UniqueIdentifier>
    </Filter>
    <Filter Include="Source Files\TestScreen\Buttons">
      <UniqueIdentifier>{9f310f52-e6fd-4c63-a9d6-503daf8f76a4}</UniqueIdentifier>
    </Filter>
    <Filter Include="Source Files\HomeScreen">
      <UniqueIdentifier>{8def4405-30b8-4680-9e43-4f4afe45d8f2}</UniqueIdentifier>
    </Filter>
    <Filter Include="Source Files\HomeScreen\Buttons">
      <UniqueIdentifier>{32758691-0e08-4057-a631-90205109ad46}</UniqueIdentifier>
    </Filter>
  </ItemGroup>
  <ItemGroup>
    <ClCompile Include="Program.cpp">
      <Filter>Source Files</Filter>
    </ClCompile>
    <ClCompile Include="Character.cpp">
      <Filter>Source Files\Models\GameObjects\Characters</Filter>
    </ClCompile>
    <ClCompile Include="MoveDirection.cpp">
      <Filter>Source Files\Enums</Filter>
    </ClCompile>
    <ClCompile Include="AbstractUIComponent.cpp">
      <Filter>Source Files\Views\UIComponents</Filter>
    </ClCompile>
    <ClCompile Include="BackButton.cpp">
      <Filter>Source Files\Views\UIComponents</Filter>
    </ClCompile>
    <ClCompile Include="Button.cpp">
      <Filter>Source Files\Views\UIComponents</Filter>
    </ClCompile>
    <ClCompile Include="Behaviour.cpp">
      <Filter>Source Files\Models\GameObjects\Behaviours</Filter>
    </ClCompile>
    <ClCompile Include="MenuScreen.cpp">
      <Filter>Source Files\Views</Filter>
    </ClCompile>
    <ClCompile Include="MusicController.cpp">
      <Filter>Source Files\Controllers</Filter>
    </ClCompile>
    <ClCompile Include="ScreenController.cpp">
      <Filter>Source Files\Controllers</Filter>
    </ClCompile>
    <ClCompile Include="main.cpp">
      <Filter>Source Files</Filter>
    </ClCompile>
    <ClCompile Include="PlayableCharacter.cpp">
      <Filter>Source Files\Models\GameObjects\Characters\PC</Filter>
    </ClCompile>
    <ClCompile Include="NonPlayableCharacter.cpp">
      <Filter>Source Files\Models\GameObjects\Characters\NPC</Filter>
    </ClCompile>
    <ClCompile Include="AbstractContainer.cpp">
      <Filter>Source Files\Containers</Filter>
    </ClCompile>
    <ClCompile Include="AnimateContainer.cpp">
      <Filter>Source Files\Containers</Filter>
    </ClCompile>
    <ClCompile Include="DrawContainer.cpp">
      <Filter>Source Files\Containers</Filter>
    </ClCompile>
    <ClCompile Include="GameObjectFactory.cpp">
      <Filter>Source Files\Factories</Filter>
    </ClCompile>
    <ClCompile Include="DrawBehaviour.cpp">
      <Filter>Source Files\Models\GameObjects\Behaviours\Draw</Filter>
    </ClCompile>
    <ClCompile Include="BehaviourFactory.cpp">
      <Filter>Source Files\Factories</Filter>
    </ClCompile>
    <ClCompile Include="TestScreen.cpp">
      <Filter>Source Files\TestScreen</Filter>
    </ClCompile>
    <ClCompile Include="HomeScreen.cpp">
      <Filter>Source Files\HomeScreen</Filter>
    </ClCompile>
    <ClCompile Include="SettingsButton.cpp">
      <Filter>Source Files\HomeScreen\Buttons</Filter>
    </ClCompile>
    <ClCompile Include="StoryModeButton.cpp">
      <Filter>Source Files\HomeScreen\Buttons</Filter>
    </ClCompile>
    <ClCompile Include="InfiniteModeButton.cpp">
      <Filter>Source Files\HomeScreen\Buttons</Filter>
    </ClCompile>
    <ClCompile Include="InputContainer.cpp">
      <Filter>Source Files</Filter>
    </ClCompile>
    <ClCompile Include="ControllerInputHandler.cpp">
      <Filter>Source Files</Filter>
    </ClCompile>
    <ClCompile Include="KeyboardInputHandler.cpp">
      <Filter>Source Files</Filter>
    </ClCompile>
  </ItemGroup>
  <ItemGroup>
    <ClInclude Include="Program.h">
      <Filter>Header Files</Filter>
    </ClInclude>
    <ClInclude Include="Character.h">
      <Filter>Header Files\Models\GameObjects\Characters</Filter>
    </ClInclude>
    <ClInclude Include="GameObject.h">
      <Filter>Header Files\Models\GameObjects</Filter>
    </ClInclude>
    <ClInclude Include="Behaviour.h">
      <Filter>Header Files\Models\GameObjects\Behaviours</Filter>
    </ClInclude>
    <ClInclude Include="AbstractUIComponent.h">
      <Filter>Header Files\Views\UIComponents</Filter>
    </ClInclude>
    <ClInclude Include="BackButton.h">
      <Filter>Header Files\Views\UIComponents</Filter>
    </ClInclude>
    <ClInclude Include="Button.h">
      <Filter>Header Files\Views\UIComponents</Filter>
    </ClInclude>
    <ClInclude Include="MenuScreen.h">
      <Filter>Header Files\Views</Filter>
    </ClInclude>
    <ClInclude Include="MusicController.h">
      <Filter>Header Files\Controllers</Filter>
    </ClInclude>
    <ClInclude Include="ScreenController.h">
      <Filter>Header Files\Controllers</Filter>
    </ClInclude>
    <ClInclude Include="TestScreen.h">
      <Filter>Header Files\Views</Filter>
    </ClInclude>
    <ClInclude Include="PlayableCharacter.h">
      <Filter>Header Files\Models\GameObjects\Characters\PC</Filter>
    </ClInclude>
    <ClInclude Include="NonPlayableCharacter.h">
      <Filter>Header Files\Models\GameObjects\Characters\NPC</Filter>
    </ClInclude>
    <ClInclude Include="AbstractContainer.h">
      <Filter>Header Files\Containers</Filter>
    </ClInclude>
    <ClInclude Include="AnimateContainer.h">
      <Filter>Header Files\Containers</Filter>
    </ClInclude>
    <ClInclude Include="DrawContainer.h">
      <Filter>Header Files\Containers</Filter>
    </ClInclude>
    <ClInclude Include="GameObjectFactory.h">
      <Filter>Header Files\Factories</Filter>
    </ClInclude>
    <ClInclude Include="Registrar.h">
      <Filter>Header Files\Factories</Filter>
    </ClInclude>
    <ClInclude Include="DrawBehaviour.h">
      <Filter>Header Files\Models\GameObjects\Behaviours\Draw</Filter>
    </ClInclude>
    <ClInclude Include="BehaviourFactory.h">
      <Filter>Header Files\Factories</Filter>
    </ClInclude>
    <ClInclude Include="ControllerInputHandler.h">
      <Filter>Header Files</Filter>
    </ClInclude>
    <ClInclude Include="KeyboardInputHandler.h">
      <Filter>Header Files</Filter>
    </ClInclude>
  </ItemGroup>
  <ItemGroup>
    <Image Include="assets\images\button_spritesheet.png">
      <Filter>Resource Files\assets\images</Filter>
    </Image>
    <Image Include="assets\images\menu_bg.png">
      <Filter>Resource Files\assets\images</Filter>
    </Image>
  </ItemGroup>
  <ItemGroup>
    <Font Include="assets\fonts\Block-Cartoon.ttf">
      <Filter>Resource Files\assets\fonts</Filter>
    </Font>
  </ItemGroup>
</Project>