<?xml version="1.0" encoding="utf-8"?>
<Project ToolsVersion="4.0" xmlns="http://schemas.microsoft.com/developer/msbuild/2003">
  <ItemGroup>
    <Filter Include="Source Files">
      <UniqueIdentifier>{4FC737F1-C7A5-4376-A066-2A32D752A2FF}</UniqueIdentifier>
      <Extensions>cpp;c;cc;cxx;def;odl;idl;hpj;bat;asm;asmx</Extensions>
    </Filter>
    <Filter Include="Header Files">
      <UniqueIdentifier>{93995380-89BD-4b04-88EB-625FBE52EBFB}</UniqueIdentifier>
      <Extensions>h;hh;hpp;hxx;hm;inl;inc;xsd</Extensions>
    </Filter>
    <Filter Include="Resource Files">
      <UniqueIdentifier>{67DA6AB6-F800-4c08-8B7A-83BB121AAD01}</UniqueIdentifier>
      <Extensions>rc;ico;cur;bmp;dlg;rc2;rct;bin;rgs;gif;jpg;jpeg;jpe;resx;tiff;tif;png;wav;mfcribbon-ms</Extensions>
    </Filter>
    <Filter Include="Resource Files\assets">
      <UniqueIdentifier>{3c6fe461-11f6-4863-b721-447bd9667eb0}</UniqueIdentifier>
    </Filter>
    <Filter Include="Source Files\Enums">
      <UniqueIdentifier>{d2c021e6-0e7b-4941-a887-f244005becb7}</UniqueIdentifier>
    </Filter>
    <Filter Include="Source Files\Models">
      <UniqueIdentifier>{4e93b398-f3c0-4114-8731-b6e5eec24bd2}</UniqueIdentifier>
    </Filter>
    <Filter Include="Header Files\Controllers">
      <UniqueIdentifier>{35f36561-6c4e-44ca-80a4-5af7600aeacf}</UniqueIdentifier>
    </Filter>
    <Filter Include="Header Files\Views">
      <UniqueIdentifier>{a8861851-8b74-4903-81bd-51b9e6f5e127}</UniqueIdentifier>
    </Filter>
    <Filter Include="Header Files\Factories">
      <UniqueIdentifier>{c949c2c9-1cd7-4edc-a04c-d0acee42cea0}</UniqueIdentifier>
    </Filter>
    <Filter Include="Source Files\Containers">
      <UniqueIdentifier>{d86e981f-912b-4e74-ac11-58ea07903e0e}</UniqueIdentifier>
    </Filter>
    <Filter Include="Header Files\Views\UIComponents">
      <UniqueIdentifier>{6f06ba62-8a67-4d00-84fe-3a769a059cfd}</UniqueIdentifier>
    </Filter>
    <Filter Include="Header Files\Containers">
      <UniqueIdentifier>{4d7ebf7e-ce93-4d46-b31d-130b50bf1f64}</UniqueIdentifier>
    </Filter>
    <Filter Include="Header Files\Models">
      <UniqueIdentifier>{7d2364ad-96ef-4a0f-a859-b11d2da801de}</UniqueIdentifier>
    </Filter>
    <Filter Include="Header Files\Models\Behaviour">
      <UniqueIdentifier>{f1d6e999-d104-44c9-b4a8-2930f0d257cf}</UniqueIdentifier>
    </Filter>
    <Filter Include="Header Files\Models\GameObject">
      <UniqueIdentifier>{3968be50-6143-452e-a4cc-cdff7a004255}</UniqueIdentifier>
    </Filter>
    <Filter Include="Source Files\Views">
      <UniqueIdentifier>{ae91aec1-3a2f-45de-b253-17145dac2c84}</UniqueIdentifier>
    </Filter>
    <Filter Include="Source Files\Views\UIComponents">
      <UniqueIdentifier>{63e020ce-910b-4d5b-9ff3-b451ed98629f}</UniqueIdentifier>
    </Filter>
    <Filter Include="Source Files\Models\Behaviour">
      <UniqueIdentifier>{9c216a70-82c7-4e59-ab24-d3823b45f47f}</UniqueIdentifier>
    </Filter>
    <Filter Include="Source Files\Models\GameObject">
      <UniqueIdentifier>{d9212d2b-7ed2-463d-b750-5adc4fe47bbf}</UniqueIdentifier>
    </Filter>
    <Filter Include="Source Files\Factories">
      <UniqueIdentifier>{8449dd62-03b8-4385-9022-d8e53d6f14fa}</UniqueIdentifier>
    </Filter>
    <Filter Include="Source Files\Controllers">
      <UniqueIdentifier>{d595bd32-f84a-4e03-901a-d1d7eca87f03}</UniqueIdentifier>
    </Filter>
    <Filter Include="Source Files\Views\HomeScreen">
      <UniqueIdentifier>{8def4405-30b8-4680-9e43-4f4afe45d8f2}</UniqueIdentifier>
    </Filter>
    <Filter Include="Source Files\Models\Map">
      <UniqueIdentifier>{93814590-516a-477b-b9b3-cfcedaf8e00b}</UniqueIdentifier>
    </Filter>
    <Filter Include="Source Files\Utils">
      <UniqueIdentifier>{20aa0f2b-082d-4c38-8abc-da6e9907406e}</UniqueIdentifier>
    </Filter>
    <Filter Include="Header Files\Utils">
      <UniqueIdentifier>{443fc790-9292-4d9d-a6a2-d002984e76ed}</UniqueIdentifier>
    </Filter>
    <Filter Include="Header Files\Models\Map">
      <UniqueIdentifier>{045d5776-d39f-4767-981c-8543d5e0b5f4}</UniqueIdentifier>
    </Filter>
    <Filter Include="Header Files\Views\MenuScreen">
      <UniqueIdentifier>{f0c1d734-ef87-4c82-acb5-8bd4e68e8a29}</UniqueIdentifier>
    </Filter>
    <Filter Include="Header Files\Views\GameScreen">
      <UniqueIdentifier>{4286bc62-bacc-4ec6-a753-c9575c3bbc70}</UniqueIdentifier>
    </Filter>
    <Filter Include="Header Files\Views\SelectionScreen">
      <UniqueIdentifier>{1d1cc560-4f1d-4f1a-949b-a53b5f5b46a9}</UniqueIdentifier>
    </Filter>
    <Filter Include="Header Files\Views\HomeScreen">
      <UniqueIdentifier>{1c10050b-fb4a-42b7-b2df-487b65d1870d}</UniqueIdentifier>
    </Filter>
    <Filter Include="Source Files\Views\MenuScreen">
      <UniqueIdentifier>{8fbfc372-f45f-4b48-b4a1-93c5c8e2ff7f}</UniqueIdentifier>
    </Filter>
    <Filter Include="Source Files\Views\GameScreen">
      <UniqueIdentifier>{77491585-fcea-489f-b9ee-3d743ffe7e4d}</UniqueIdentifier>
    </Filter>
    <Filter Include="Source Files\Views\SelectionScreen">
      <UniqueIdentifier>{a4081e78-5064-42a1-bfc9-2410868c4a94}</UniqueIdentifier>
    </Filter>
    <Filter Include="Header Files\Models\Guns">
      <UniqueIdentifier>{1a1525e5-69ee-4907-9fba-b6a6098e7b36}</UniqueIdentifier>
    </Filter>
    <Filter Include="Source Files\Models\Guns">
      <UniqueIdentifier>{c773cd53-e40c-4f3f-bd5b-9c93e06c5701}</UniqueIdentifier>
    </Filter>
    <Filter Include="Header Files\Models\Bullets">
      <UniqueIdentifier>{b5d1d565-fe8d-4e7c-8351-f03353526cea}</UniqueIdentifier>
    </Filter>
    <Filter Include="Source Files\Models\Bullets">
      <UniqueIdentifier>{6308e380-0ab0-4650-9835-bde55ec00919}</UniqueIdentifier>
    </Filter>
    <Filter Include="Header Files\Views\UIComponents\Buttons">
      <UniqueIdentifier>{81429dee-f948-4f8f-9dee-4a33a98f708f}</UniqueIdentifier>
    </Filter>
    <Filter Include="Source Files\Views\UIComponents\Buttons">
      <UniqueIdentifier>{32758691-0e08-4057-a631-90205109ad46}</UniqueIdentifier>
    </Filter>
    <Filter Include="Header Files\Views\LoadingScreen">
      <UniqueIdentifier>{cc7bf64c-012e-46a5-89f8-c0758e290eed}</UniqueIdentifier>
    </Filter>
    <Filter Include="Source Files\Views\LoadingScreen">
      <UniqueIdentifier>{edf8da70-511d-47a5-8545-f11d2ea657ce}</UniqueIdentifier>
    </Filter>
  </ItemGroup>
  <ItemGroup>
    <ClCompile Include="Program.cpp">
      <Filter>Source Files</Filter>
    </ClCompile>
    <ClCompile Include="main.cpp">
      <Filter>Source Files</Filter>
    </ClCompile>
    <ClCompile Include="AbstractContainer.cpp">
      <Filter>Source Files\Containers</Filter>
    </ClCompile>
    <ClCompile Include="AnimateContainer.cpp">
      <Filter>Source Files\Containers</Filter>
    </ClCompile>
    <ClCompile Include="DrawContainer.cpp">
      <Filter>Source Files\Containers</Filter>
    </ClCompile>
    <ClCompile Include="HomeScreen.cpp">
      <Filter>Source Files\Views\HomeScreen</Filter>
    </ClCompile>
    <ClCompile Include="SettingsButton.cpp">
      <Filter>Source Files\Views\UIComponents\Buttons</Filter>
    </ClCompile>
    <ClCompile Include="StoryModeButton.cpp">
      <Filter>Source Files\Views\UIComponents\Buttons</Filter>
    </ClCompile>
    <ClCompile Include="InfiniteModeButton.cpp">
      <Filter>Source Files\Views\UIComponents\Buttons</Filter>
    </ClCompile>
    <ClCompile Include="AbstractUIComponent.cpp">
      <Filter>Source Files\Views\UIComponents</Filter>
    </ClCompile>
    <ClCompile Include="Character.cpp">
      <Filter>Source Files\Models\GameObject</Filter>
    </ClCompile>
    <ClCompile Include="Behaviour.cpp">
      <Filter>Source Files\Models\Behaviour</Filter>
    </ClCompile>
    <ClCompile Include="InputContainer.cpp">
      <Filter>Source Files\Containers</Filter>
    </ClCompile>
    <ClCompile Include="DrawBehaviour.cpp">
      <Filter>Source Files\Models\Behaviour</Filter>
    </ClCompile>
    <ClCompile Include="GameObjectFactory.cpp">
      <Filter>Source Files\Factories</Filter>
    </ClCompile>
    <ClCompile Include="BehaviourFactory.cpp">
      <Filter>Source Files\Factories</Filter>
    </ClCompile>
    <ClCompile Include="NonPlayableCharacter.cpp">
      <Filter>Source Files\Models\GameObject</Filter>
    </ClCompile>
    <ClCompile Include="PlayableCharacter.cpp">
      <Filter>Source Files\Models\GameObject</Filter>
    </ClCompile>
    <ClCompile Include="ScreenController.cpp">
      <Filter>Source Files\Controllers</Filter>
    </ClCompile>
    <ClCompile Include="ControllerInputHandler.cpp">
      <Filter>Source Files\Controllers</Filter>
    </ClCompile>
    <ClCompile Include="KeyboardInputHandler.cpp">
      <Filter>Source Files\Controllers</Filter>
    </ClCompile>
    <ClCompile Include="AnimateBehaviour.cpp">
      <Filter>Source Files\Models\Behaviour</Filter>
    </ClCompile>
    <ClCompile Include="Map.cpp">
      <Filter>Source Files\Models\Map</Filter>
    </ClCompile>
    <ClCompile Include="MapParser.cpp">
      <Filter>Source Files\Utils</Filter>
    </ClCompile>
    <ClCompile Include="Image.cpp">
      <Filter>Source Files\Models</Filter>
    </ClCompile>
    <ClCompile Include="thirdparty\jsoncpp-0.10.5\buildlib\jsoncpp.cpp">
      <Filter>Source Files\Utils</Filter>
    </ClCompile>
    <ClCompile Include="MoveBehaviour.cpp">
      <Filter>Source Files\Models\Behaviour</Filter>
    </ClCompile>
    <ClCompile Include="MoveContainer.cpp">
      <Filter>Source Files\Containers</Filter>
    </ClCompile>
    <ClCompile Include="MenuScreen.cpp">
      <Filter>Source Files\Views\MenuScreen</Filter>
    </ClCompile>
    <ClCompile Include="GameScreen.cpp">
      <Filter>Source Files\Views\GameScreen</Filter>
    </ClCompile>
    <ClCompile Include="SelectionScreen.cpp">
      <Filter>Source Files\Views\SelectionScreen</Filter>
    </ClCompile>
    <ClCompile Include="Mike.cpp">
      <Filter>Source Files\Models\GameObject</Filter>
    </ClCompile>
    <ClCompile Include="Zombie.cpp">
      <Filter>Source Files\Models\GameObject</Filter>
    </ClCompile>
    <ClCompile Include="AiMoveBehaviour.cpp">
      <Filter>Source Files\Models\Behaviour</Filter>
    </ClCompile>
    <ClCompile Include="ActionContainer.cpp">
      <Filter>Source Files\Containers</Filter>
    </ClCompile>
    <ClCompile Include="PcMoveBehaviour.cpp">
      <Filter>Source Files\Models\Behaviour</Filter>
    </ClCompile>
    <ClCompile Include="ActionBehaviour.cpp">
      <Filter>Source Files\Models\Behaviour</Filter>
    </ClCompile>
    <ClCompile Include="ShootActionBehaviour.cpp">
      <Filter>Source Files\Models\Behaviour</Filter>
    </ClCompile>
    <ClCompile Include="Weapon.cpp">
      <Filter>Source Files\Models\Guns</Filter>
    </ClCompile>
    <ClCompile Include="Bullet.cpp">
      <Filter>Source Files\Models\Bullets</Filter>
    </ClCompile>
    <ClCompile Include="Pistol.cpp">
      <Filter>Source Files\Models\Guns</Filter>
    </ClCompile>
    <ClCompile Include="NormalBullet.cpp">
      <Filter>Source Files\Models\Bullets</Filter>
    </ClCompile>
    <ClCompile Include="NormalBulletDrawBehaviour.cpp">
      <Filter>Source Files\Models\Behaviour</Filter>
    </ClCompile>
    <ClCompile Include="CharacterDrawBehaviour.cpp">
      <Filter>Source Files\Models\Behaviour</Filter>
    </ClCompile>
    <ClCompile Include="CollideBehaviour.cpp">
      <Filter>Source Files\Models\Behaviour</Filter>
    </ClCompile>
    <ClCompile Include="CollideContainer.cpp">
      <Filter>Source Files\Containers</Filter>
    </ClCompile>
    <ClCompile Include="NormalBulletCollideBehaviour.cpp">
      <Filter>Source Files\Models\Behaviour</Filter>
    </ClCompile>
    <ClCompile Include="SpawnController.cpp">
      <Filter>Source Files\Controllers</Filter>
    </ClCompile>
    <ClCompile Include="CharacterCollideBehaviour.cpp">
      <Filter>Source Files\Models\Behaviour</Filter>
    </ClCompile>
    <ClCompile Include="GameState.cpp">
      <Filter>Source Files\Enums</Filter>
    </ClCompile>
    <ClCompile Include="AbstractScreen.cpp">
      <Filter>Source Files\Views</Filter>
    </ClCompile>
    <ClCompile Include="BackButton.cpp">
      <Filter>Source Files\Views\UIComponents\Buttons</Filter>
    </ClCompile>
    <ClCompile Include="Button.cpp">
      <Filter>Source Files\Views\UIComponents\Buttons</Filter>
    </ClCompile>
    <ClCompile Include="Layer.cpp">
      <Filter>Source Files\Models\Map</Filter>
    </ClCompile>
    <ClCompile Include="GameObject.cpp">
      <Filter>Source Files\Models\GameObject</Filter>
    </ClCompile>
    <ClCompile Include="ObjectLayer.cpp">
      <Filter>Source Files\Models\Map</Filter>
    </ClCompile>
    <ClCompile Include="TileLayer.cpp">
      <Filter>Source Files\Models\Map</Filter>
    </ClCompile>
    <ClCompile Include="TileSet.cpp">
      <Filter>Source Files\Models\Map</Filter>
    </ClCompile>
    <ClCompile Include="TextureFactory.cpp">
      <Filter>Source Files\Factories</Filter>
    </ClCompile>
    <ClCompile Include="Direction.cpp">
      <Filter>Source Files\Enums</Filter>
    </ClCompile>
    <ClCompile Include="Quadtree.cpp">
      <Filter>Source Files\Utils</Filter>
    </ClCompile>
    <ClCompile Include="NumberUtility.cpp">
      <Filter>Source Files\Utils</Filter>
    </ClCompile>
    <ClCompile Include="MachineGun.cpp">
      <Filter>Source Files\Models\Guns</Filter>
    </ClCompile>
    <ClCompile Include="MachineGunBullet.cpp">
      <Filter>Source Files\Models\Bullets</Filter>
    </ClCompile>
    <ClCompile Include="BulletMoveBehaviour.cpp">
      <Filter>Source Files\Models\Behaviour</Filter>
    </ClCompile>
    <ClCompile Include="MovingBulletDrawBehaviour.cpp">
      <Filter>Source Files\Models\Behaviour</Filter>
    </ClCompile>
    <ClCompile Include="SoundController.cpp">
      <Filter>Source Files\Controllers</Filter>
    </ClCompile>
    <ClCompile Include="StatsController.cpp">
      <Filter>Source Files\Controllers</Filter>
    </ClCompile>
    <ClCompile Include="SwitchWeaponActionBehaviour.cpp">
      <Filter>Source Files\Models\Behaviour</Filter>
    </ClCompile>
    <ClCompile Include="GameObjectContainer.cpp">
      <Filter>Source Files\Containers</Filter>
	</ClCompile>
    <ClCompile Include="LoadingScreen.cpp">
      <Filter>Source Files\Views\LoadingScreen</Filter>
    </ClCompile>
  </ItemGroup>
  <ItemGroup>
    <ClInclude Include="Program.h">
      <Filter>Header Files</Filter>
    </ClInclude>
    <ClInclude Include="AbstractUIComponent.h">
      <Filter>Header Files\Views\UIComponents</Filter>
    </ClInclude>
    <ClInclude Include="ScreenController.h">
      <Filter>Header Files\Controllers</Filter>
    </ClInclude>
    <ClInclude Include="GameObjectFactory.h">
      <Filter>Header Files\Factories</Filter>
    </ClInclude>
    <ClInclude Include="Registrar.h">
      <Filter>Header Files\Factories</Filter>
    </ClInclude>
    <ClInclude Include="BehaviourFactory.h">
      <Filter>Header Files\Factories</Filter>
    </ClInclude>
    <ClInclude Include="AbstractContainer.h">
      <Filter>Header Files\Containers</Filter>
    </ClInclude>
    <ClInclude Include="AnimateContainer.h">
      <Filter>Header Files\Containers</Filter>
    </ClInclude>
    <ClInclude Include="InputContainer.h">
      <Filter>Header Files\Containers</Filter>
    </ClInclude>
    <ClInclude Include="ControllerInputHandler.h">
      <Filter>Header Files\Controllers</Filter>
    </ClInclude>
    <ClInclude Include="DrawContainer.h">
      <Filter>Header Files\Containers</Filter>
    </ClInclude>
    <ClInclude Include="DrawBehaviour.h">
      <Filter>Header Files\Models\Behaviour</Filter>
    </ClInclude>
    <ClInclude Include="GameObject.h">
      <Filter>Header Files\Models\GameObject</Filter>
    </ClInclude>
    <ClInclude Include="KeyboardInputHandler.h">
      <Filter>Header Files\Controllers</Filter>
    </ClInclude>
    <ClInclude Include="AnimateBehaviour.h">
      <Filter>Header Files\Models\Behaviour</Filter>
    </ClInclude>
    <ClInclude Include="Character.h">
      <Filter>Header Files\Models\GameObject</Filter>
    </ClInclude>
    <ClInclude Include="Behaviour.h">
      <Filter>Header Files\Models\Behaviour</Filter>
    </ClInclude>
    <ClInclude Include="thirdparty\jsoncpp-0.10.5\buildlib\json\json.h">
      <Filter>Header Files\Utils</Filter>
    </ClInclude>
    <ClInclude Include="thirdparty\jsoncpp-0.10.5\buildlib\json\json-forwards.h">
      <Filter>Header Files\Utils</Filter>
    </ClInclude>
    <ClInclude Include="Map.h">
      <Filter>Header Files\Models\Map</Filter>
    </ClInclude>
    <ClInclude Include="MapParser.h">
      <Filter>Header Files\Utils</Filter>
    </ClInclude>
    <ClInclude Include="NonPlayableCharacter.h">
      <Filter>Header Files\Models\GameObject</Filter>
    </ClInclude>
    <ClInclude Include="PlayableCharacter.h">
      <Filter>Header Files\Models\GameObject</Filter>
    </ClInclude>
    <ClInclude Include="Image.h">
      <Filter>Header Files\Models</Filter>
    </ClInclude>
    <ClInclude Include="MoveContainer.h">
      <Filter>Header Files\Containers</Filter>
    </ClInclude>
    <ClInclude Include="MoveBehaviour.h">
      <Filter>Header Files\Models\Behaviour</Filter>
    </ClInclude>
    <ClInclude Include="MenuScreen.h">
      <Filter>Header Files\Views\MenuScreen</Filter>
    </ClInclude>
    <ClInclude Include="GameScreen.h">
      <Filter>Header Files\Views\GameScreen</Filter>
    </ClInclude>
    <ClInclude Include="SelectionScreen.h">
      <Filter>Header Files\Views\SelectionScreen</Filter>
    </ClInclude>
    <ClInclude Include="BackButton.h">
      <Filter>Header Files\Views\UIComponents\Buttons</Filter>
    </ClInclude>
    <ClInclude Include="Button.h">
      <Filter>Header Files\Views\UIComponents\Buttons</Filter>
    </ClInclude>
    <ClInclude Include="HomeScreen.h">
      <Filter>Header Files\Views\HomeScreen</Filter>
    </ClInclude>
    <ClInclude Include="Mike.h">
      <Filter>Header Files\Models\GameObject</Filter>
    </ClInclude>
    <ClInclude Include="AiMoveBehaviour.h">
      <Filter>Header Files\Models\Behaviour</Filter>
    </ClInclude>
    <ClInclude Include="PcMoveBehaviour.h">
      <Filter>Header Files\Models\Behaviour</Filter>
    </ClInclude>
    <ClInclude Include="ActionContainer.h">
      <Filter>Header Files\Containers</Filter>
    </ClInclude>
    <ClInclude Include="ActionBehaviour.h">
      <Filter>Header Files\Models\Behaviour</Filter>
    </ClInclude>
    <ClInclude Include="ShootActionBehaviour.h">
      <Filter>Header Files\Models\Behaviour</Filter>
    </ClInclude>
    <ClInclude Include="Zombie.h">
      <Filter>Header Files\Models\GameObject</Filter>
    </ClInclude>
    <ClInclude Include="Weapon.h">
      <Filter>Header Files\Models\Guns</Filter>
    </ClInclude>
    <ClInclude Include="Bullet.h">
      <Filter>Header Files\Models\Bullets</Filter>
    </ClInclude>
    <ClInclude Include="Pistol.h">
      <Filter>Header Files\Models\Guns</Filter>
    </ClInclude>
    <ClInclude Include="NormalBullet.h">
      <Filter>Header Files\Models\Bullets</Filter>
    </ClInclude>
    <ClInclude Include="NormalBulletDrawBehaviour.h">
      <Filter>Header Files\Models\Behaviour</Filter>
    </ClInclude>
    <ClInclude Include="CollideBehaviour.h">
      <Filter>Header Files\Models\Behaviour</Filter>
    </ClInclude>
    <ClInclude Include="CharacterDrawBehaviour.h">
      <Filter>Header Files\Models\Behaviour</Filter>
    </ClInclude>
    <ClInclude Include="CollideContainer.h">
      <Filter>Header Files\Containers</Filter>
    </ClInclude>
    <ClInclude Include="NormalBulletCollideBehaviour.h">
      <Filter>Header Files\Models\Behaviour</Filter>
    </ClInclude>
    <ClInclude Include="Zombie.h">
      <Filter>Header Files\Models\GameObject</Filter>
    </ClInclude>
    <ClInclude Include="SpawnController.h">
      <Filter>Header Files\Controllers</Filter>
    </ClInclude>
    <ClInclude Include="CharacterCollideBehaviour.h">
      <Filter>Header Files\Models\Behaviour</Filter>
    </ClInclude>
    <ClInclude Include="StoryModeButton.h">
      <Filter>Header Files\Views\UIComponents\Buttons</Filter>
    </ClInclude>
    <ClInclude Include="InfiniteModeButton.h">
      <Filter>Header Files\Views\UIComponents\Buttons</Filter>
    </ClInclude>
    <ClInclude Include="SettingsButton.h">
      <Filter>Header Files\Views\UIComponents\Buttons</Filter>
    </ClInclude>
    <ClInclude Include="AbstractScreen.h">
      <Filter>Header Files\Views</Filter>
    </ClInclude>
    <ClInclude Include="Layer.h">
      <Filter>Header Files\Models\Map</Filter>
    </ClInclude>
    <ClInclude Include="TileLayer.h">
      <Filter>Header Files\Models\Map</Filter>
    </ClInclude>
    <ClInclude Include="ObjectLayer.h">
      <Filter>Header Files\Models\Map</Filter>
    </ClInclude>
    <ClInclude Include="TileSet.h">
      <Filter>Header Files\Models\Map</Filter>
    </ClInclude>
    <ClInclude Include="TextureFactory.h">
      <Filter>Header Files\Factories</Filter>
    </ClInclude>
    <ClInclude Include="Quadtree.h">
      <Filter>Header Files\Utils</Filter>
    </ClInclude>
    <ClInclude Include="SoundController.h">
      <Filter>Header Files\Controllers</Filter>
    </ClInclude>
    <ClInclude Include="StatsController.h">
      <Filter>Header Files\Controllers</Filter>
    </ClInclude>
    <ClInclude Include="NumberUtility.h">
      <Filter>Header Files\Utils</Filter>
    </ClInclude>
    <ClInclude Include="MachineGunBullet.h">
      <Filter>Header Files\Models\Bullets</Filter>
    </ClInclude>
    <ClInclude Include="MachineGun.h">
      <Filter>Header Files\Models\Guns</Filter>
    </ClInclude>
    <ClInclude Include="BulletMoveBehaviour.h">
      <Filter>Header Files\Models\Behaviour</Filter>
    </ClInclude>
    <ClInclude Include="MovingBulletDrawBehaviour.h">
      <Filter>Header Files\Models\Behaviour</Filter>
    </ClInclude>
    <ClInclude Include="SwitchWeaponActionBehaviour.h">
      <Filter>Header Files\Models\Behaviour</Filter>
    </ClInclude>
    <ClInclude Include="GameObjectContainer.h">
      <Filter>Header Files\Containers</Filter>
	</ClInclude>
    <ClInclude Include="LoadingScreen.h">
      <Filter>Header Files\Views\LoadingScreen</Filter>
    </ClInclude>
  </ItemGroup>
  <ItemGroup>
    <Image Include="assets\images\button_spritesheet.png">
      <Filter>Resource Files\assets\images</Filter>
    </Image>
    <Image Include="assets\images\menu_bg.png">
      <Filter>Resource Files\assets\images</Filter>
    </Image>
  </ItemGroup>
  <ItemGroup>
	<Font Include="assets\fonts\Block-Cartoon.ttf">
      <Filter>Resource Files\assets\fonts</Filter>
    </Font>
  </ItemGroup>
</Project>